
Microsoft Visual Studio Solution File, Format Version 12.00
# Visual Studio Version 17
VisualStudioVersion = 17.14.36301.6
MinimumVisualStudioVersion = 10.0.40219.1
Project("{FAE04EC0-301F-11D3-BF4B-00C04F79EFBC}") = "TelegramPocketBotWin", "TelegramPocketBotWin.csproj", "{27D3C88E-11F7-3745-2D92-49F391496360}"
EndProject
Global
	GlobalSection(SolutionConfigurationPlatforms) = preSolution
		Debug|Any CPU = Debug|Any CPU
		Release|Any CPU = Release|Any CPU
	EndGlobalSection
	GlobalSection(ProjectConfigurationPlatforms) = postSolution
		{27D3C88E-11F7-3745-2D92-49F391496360}.Debug|Any CPU.ActiveCfg = Debug|Any CPU
		{27D3C88E-11F7-3745-2D92-49F391496360}.Debug|Any CPU.Build.0 = Debug|Any CPU
		{27D3C88E-11F7-3745-2D92-49F391496360}.Release|Any CPU.ActiveCfg = Release|Any CPU
		{27D3C88E-11F7-3745-2D92-49F391496360}.Release|Any CPU.Build.0 = Release|Any CPU
	EndGlobalSection
	GlobalSection(SolutionProperties) = preSolution
		HideSolutionNode = FALSE
	EndGlobalSection
	GlobalSection(ExtensibilityGlobals) = postSolution
		SolutionGuid = {54FBB8CF-511D-48CD-9D1C-A6B27C41BE62}
	EndGlobalSection
EndGlobal
